
Microsoft Visual Studio Solution File, Format Version 12.00
# Visual Studio Version 17
VisualStudioVersion = 17.2.32616.157
MinimumVisualStudioVersion = 10.0.40219.1
Project("{FAE04EC0-301F-11D3-BF4B-00C04F79EFBC}") = "API", "ProjectReStore\API.csproj", "{13C69B9D-60AE-4330-BBCF-F16CFE3F26B3}"
EndProject
Global
	GlobalSection(SolutionConfigurationPlatforms) = preSolution
		Debug|Any CPU = Debug|Any CPU
		Release|Any CPU = Release|Any CPU
	EndGlobalSection
	GlobalSection(ProjectConfigurationPlatforms) = postSolution
		{13C69B9D-60AE-4330-BBCF-F16CFE3F26B3}.Debug|Any CPU.ActiveCfg = Debug|Any CPU
		{13C69B9D-60AE-4330-BBCF-F16CFE3F26B3}.Debug|Any CPU.Build.0 = Debug|Any CPU
		{13C69B9D-60AE-4330-BBCF-F16CFE3F26B3}.Release|Any CPU.ActiveCfg = Release|Any CPU
		{13C69B9D-60AE-4330-BBCF-F16CFE3F26B3}.Release|Any CPU.Build.0 = Release|Any CPU
	EndGlobalSection
	GlobalSection(SolutionProperties) = preSolution
		HideSolutionNode = FALSE
	EndGlobalSection
	GlobalSection(ExtensibilityGlobals) = postSolution
		SolutionGuid = {70010870-CACC-4081-B4DC-4206F31A94FE}
	EndGlobalSection
EndGlobal
