
Microsoft Visual Studio Solution File, Format Version 12.00
# Visual Studio Version 17
VisualStudioVersion = 17.2.32616.157
MinimumVisualStudioVersion = 10.0.40219.1
Project("{9A19103F-16F7-4668-BE54-9A1E7A4F7556}") = "API", "Api\API.csproj", "{D06019CB-66E4-4C35-B575-8549BD288393}"
EndProject
Global
	GlobalSection(SolutionConfigurationPlatforms) = preSolution
		Debug|Any CPU = Debug|Any CPU
		Release|Any CPU = Release|Any CPU
	EndGlobalSection
	GlobalSection(ProjectConfigurationPlatforms) = postSolution
		{D06019CB-66E4-4C35-B575-8549BD288393}.Debug|Any CPU.ActiveCfg = Debug|Any CPU
		{D06019CB-66E4-4C35-B575-8549BD288393}.Debug|Any CPU.Build.0 = Debug|Any CPU
		{D06019CB-66E4-4C35-B575-8549BD288393}.Release|Any CPU.ActiveCfg = Release|Any CPU
		{D06019CB-66E4-4C35-B575-8549BD288393}.Release|Any CPU.Build.0 = Release|Any CPU
	EndGlobalSection
	GlobalSection(SolutionProperties) = preSolution
		HideSolutionNode = FALSE
	EndGlobalSection
	GlobalSection(ExtensibilityGlobals) = postSolution
		SolutionGuid = {70010870-CACC-4081-B4DC-4206F31A94FE}
	EndGlobalSection
EndGlobal
